
Microsoft Visual Studio Solution File, Format Version 12.00
# Visual Studio Version 17
VisualStudioVersion = 17.0.31903.59
MinimumVisualStudioVersion = 10.0.40219.1
Project("{2150E333-8FDC-42A3-9474-1A3956D46DE8}") = "src", "src", "{827E0CD3-B72D-47B6-A68D-7590B98EB39B}"
EndProject
Project("{FAE04EC0-301F-11D3-BF4B-00C04F79EFBC}") = "MusicalZed.Domain", "src\MusicalZed.Domain\MusicalZed.Domain.csproj", "{87C14C9D-00C8-44A7-B4F6-7F4C833DBFE4}"
EndProject
Project("{FAE04EC0-301F-11D3-BF4B-00C04F79EFBC}") = "MusicalZed.Application", "src\MusicalZed.Application\MusicalZed.Application.csproj", "{3DD8FD78-902B-48ED-BE4E-6F5FEA2E1C7C}"
EndProject
Project("{FAE04EC0-301F-11D3-BF4B-00C04F79EFBC}") = "MusicalZed.Infrastructure", "src\MusicalZed.Infrastructure\MusicalZed.Infrastructure.csproj", "{0C0FDFE2-2153-425E-A6FC-28676823950B}"
EndProject
Project("{FAE04EC0-301F-11D3-BF4B-00C04F79EFBC}") = "MusicalZed.API", "src\MusicalZed.API\MusicalZed.API.csproj", "{9BF8A0DE-F1E5-453D-B04A-C04F5A4BD242}"
EndProject
Project("{FAE04EC0-301F-11D3-BF4B-00C04F79EFBC}") = "MusicalZed.Web", "src\MusicalZed.Web\MusicalZed.Web.csproj", "{9F4D9D10-F09E-4518-93F8-7ED5806261CE}"
EndProject
Project("{2150E333-8FDC-42A3-9474-1A3956D46DE8}") = "tests", "tests", "{0AB3BF05-4346-4AA6-1389-037BE0695223}"
EndProject
Project("{FAE04EC0-301F-11D3-BF4B-00C04F79EFBC}") = "MusicalZed.UnitTests", "tests\MusicalZed.UnitTests\MusicalZed.UnitTests.csproj", "{B10E64E5-7D11-4E02-96DD-43A5B355FA0B}"
EndProject
Project("{FAE04EC0-301F-11D3-BF4B-00C04F79EFBC}") = "MusicalZed.IntegrationTests", "tests\MusicalZed.IntegrationTests\MusicalZed.IntegrationTests.csproj", "{CA73A404-8B18-4EEF-A494-6E385C0589DA}"
EndProject
Project("{FAE04EC0-301F-11D3-BF4B-00C04F79EFBC}") = "MusicalZed.E2ETests", "tests\MusicalZed.E2ETests\MusicalZed.E2ETests.csproj", "{623DACA7-A267-439B-B529-96A8BB5115A5}"
EndProject
Global
	GlobalSection(SolutionConfigurationPlatforms) = preSolution
		Debug|Any CPU = Debug|Any CPU
		Debug|x64 = Debug|x64
		Debug|x86 = Debug|x86
		Release|Any CPU = Release|Any CPU
		Release|x64 = Release|x64
		Release|x86 = Release|x86
	EndGlobalSection
	GlobalSection(ProjectConfigurationPlatforms) = postSolution
		{87C14C9D-00C8-44A7-B4F6-7F4C833DBFE4}.Debug|Any CPU.ActiveCfg = Debug|Any CPU
		{87C14C9D-00C8-44A7-B4F6-7F4C833DBFE4}.Debug|Any CPU.Build.0 = Debug|Any CPU
		{87C14C9D-00C8-44A7-B4F6-7F4C833DBFE4}.Debug|x64.ActiveCfg = Debug|Any CPU
		{87C14C9D-00C8-44A7-B4F6-7F4C833DBFE4}.Debug|x64.Build.0 = Debug|Any CPU
		{87C14C9D-00C8-44A7-B4F6-7F4C833DBFE4}.Debug|x86.ActiveCfg = Debug|Any CPU
		{87C14C9D-00C8-44A7-B4F6-7F4C833DBFE4}.Debug|x86.Build.0 = Debug|Any CPU
		{87C14C9D-00C8-44A7-B4F6-7F4C833DBFE4}.Release|Any CPU.ActiveCfg = Release|Any CPU
		{87C14C9D-00C8-44A7-B4F6-7F4C833DBFE4}.Release|Any CPU.Build.0 = Release|Any CPU
		{87C14C9D-00C8-44A7-B4F6-7F4C833DBFE4}.Release|x64.ActiveCfg = Release|Any CPU
		{87C14C9D-00C8-44A7-B4F6-7F4C833DBFE4}.Release|x64.Build.0 = Release|Any CPU
		{87C14C9D-00C8-44A7-B4F6-7F4C833DBFE4}.Release|x86.ActiveCfg = Release|Any CPU
		{87C14C9D-00C8-44A7-B4F6-7F4C833DBFE4}.Release|x86.Build.0 = Release|Any CPU
		{3DD8FD78-902B-48ED-BE4E-6F5FEA2E1C7C}.Debug|Any CPU.ActiveCfg = Debug|Any CPU
		{3DD8FD78-902B-48ED-BE4E-6F5FEA2E1C7C}.Debug|Any CPU.Build.0 = Debug|Any CPU
		{3DD8FD78-902B-48ED-BE4E-6F5FEA2E1C7C}.Debug|x64.ActiveCfg = Debug|Any CPU
		{3DD8FD78-902B-48ED-BE4E-6F5FEA2E1C7C}.Debug|x64.Build.0 = Debug|Any CPU
		{3DD8FD78-902B-48ED-BE4E-6F5FEA2E1C7C}.Debug|x86.ActiveCfg = Debug|Any CPU
		{3DD8FD78-902B-48ED-BE4E-6F5FEA2E1C7C}.Debug|x86.Build.0 = Debug|Any CPU
		{3DD8FD78-902B-48ED-BE4E-6F5FEA2E1C7C}.Release|Any CPU.ActiveCfg = Release|Any CPU
		{3DD8FD78-902B-48ED-BE4E-6F5FEA2E1C7C}.Release|Any CPU.Build.0 = Release|Any CPU
		{3DD8FD78-902B-48ED-BE4E-6F5FEA2E1C7C}.Release|x64.ActiveCfg = Release|Any CPU
		{3DD8FD78-902B-48ED-BE4E-6F5FEA2E1C7C}.Release|x64.Build.0 = Release|Any CPU
		{3DD8FD78-902B-48ED-BE4E-6F5FEA2E1C7C}.Release|x86.ActiveCfg = Release|Any CPU
		{3DD8FD78-902B-48ED-BE4E-6F5FEA2E1C7C}.Release|x86.Build.0 = Release|Any CPU
		{0C0FDFE2-2153-425E-A6FC-28676823950B}.Debug|Any CPU.ActiveCfg = Debug|Any CPU
		{0C0FDFE2-2153-425E-A6FC-28676823950B}.Debug|Any CPU.Build.0 = Debug|Any CPU
		{0C0FDFE2-2153-425E-A6FC-28676823950B}.Debug|x64.ActiveCfg = Debug|Any CPU
		{0C0FDFE2-2153-425E-A6FC-28676823950B}.Debug|x64.Build.0 = Debug|Any CPU
		{0C0FDFE2-2153-425E-A6FC-28676823950B}.Debug|x86.ActiveCfg = Debug|Any CPU
		{0C0FDFE2-2153-425E-A6FC-28676823950B}.Debug|x86.Build.0 = Debug|Any CPU
		{0C0FDFE2-2153-425E-A6FC-28676823950B}.Release|Any CPU.ActiveCfg = Release|Any CPU
		{0C0FDFE2-2153-425E-A6FC-28676823950B}.Release|Any CPU.Build.0 = Release|Any CPU
		{0C0FDFE2-2153-425E-A6FC-28676823950B}.Release|x64.ActiveCfg = Release|Any CPU
		{0C0FDFE2-2153-425E-A6FC-28676823950B}.Release|x64.Build.0 = Release|Any CPU
		{0C0FDFE2-2153-425E-A6FC-28676823950B}.Release|x86.ActiveCfg = Release|Any CPU
		{0C0FDFE2-2153-425E-A6FC-28676823950B}.Release|x86.Build.0 = Release|Any CPU
		{9BF8A0DE-F1E5-453D-B04A-C04F5A4BD242}.Debug|Any CPU.ActiveCfg = Debug|Any CPU
		{9BF8A0DE-F1E5-453D-B04A-C04F5A4BD242}.Debug|Any CPU.Build.0 = Debug|Any CPU
		{9BF8A0DE-F1E5-453D-B04A-C04F5A4BD242}.Debug|x64.ActiveCfg = Debug|Any CPU
		{9BF8A0DE-F1E5-453D-B04A-C04F5A4BD242}.Debug|x64.Build.0 = Debug|Any CPU
		{9BF8A0DE-F1E5-453D-B04A-C04F5A4BD242}.Debug|x86.ActiveCfg = Debug|Any CPU
		{9BF8A0DE-F1E5-453D-B04A-C04F5A4BD242}.Debug|x86.Build.0 = Debug|Any CPU
		{9BF8A0DE-F1E5-453D-B04A-C04F5A4BD242}.Release|Any CPU.ActiveCfg = Release|Any CPU
		{9BF8A0DE-F1E5-453D-B04A-C04F5A4BD242}.Release|Any CPU.Build.0 = Release|Any CPU
		{9BF8A0DE-F1E5-453D-B04A-C04F5A4BD242}.Release|x64.ActiveCfg = Release|Any CPU
		{9BF8A0DE-F1E5-453D-B04A-C04F5A4BD242}.Release|x64.Build.0 = Release|Any CPU
		{9BF8A0DE-F1E5-453D-B04A-C04F5A4BD242}.Release|x86.ActiveCfg = Release|Any CPU
		{9BF8A0DE-F1E5-453D-B04A-C04F5A4BD242}.Release|x86.Build.0 = Release|Any CPU
		{9F4D9D10-F09E-4518-93F8-7ED5806261CE}.Debug|Any CPU.ActiveCfg = Debug|Any CPU
		{9F4D9D10-F09E-4518-93F8-7ED5806261CE}.Debug|Any CPU.Build.0 = Debug|Any CPU
		{9F4D9D10-F09E-4518-93F8-7ED5806261CE}.Debug|x64.ActiveCfg = Debug|Any CPU
		{9F4D9D10-F09E-4518-93F8-7ED5806261CE}.Debug|x64.Build.0 = Debug|Any CPU
		{9F4D9D10-F09E-4518-93F8-7ED5806261CE}.Debug|x86.ActiveCfg = Debug|Any CPU
		{9F4D9D10-F09E-4518-93F8-7ED5806261CE}.Debug|x86.Build.0 = Debug|Any CPU
		{9F4D9D10-F09E-4518-93F8-7ED5806261CE}.Release|Any CPU.ActiveCfg = Release|Any CPU
		{9F4D9D10-F09E-4518-93F8-7ED5806261CE}.Release|Any CPU.Build.0 = Release|Any CPU
		{9F4D9D10-F09E-4518-93F8-7ED5806261CE}.Release|x64.ActiveCfg = Release|Any CPU
		{9F4D9D10-F09E-4518-93F8-7ED5806261CE}.Release|x64.Build.0 = Release|Any CPU
		{9F4D9D10-F09E-4518-93F8-7ED5806261CE}.Release|x86.ActiveCfg = Release|Any CPU
		{9F4D9D10-F09E-4518-93F8-7ED5806261CE}.Release|x86.Build.0 = Release|Any CPU
		{B10E64E5-7D11-4E02-96DD-43A5B355FA0B}.Debug|Any CPU.ActiveCfg = Debug|Any CPU
		{B10E64E5-7D11-4E02-96DD-43A5B355FA0B}.Debug|Any CPU.Build.0 = Debug|Any CPU
		{B10E64E5-7D11-4E02-96DD-43A5B355FA0B}.Debug|x64.ActiveCfg = Debug|Any CPU
		{B10E64E5-7D11-4E02-96DD-43A5B355FA0B}.Debug|x64.Build.0 = Debug|Any CPU
		{B10E64E5-7D11-4E02-96DD-43A5B355FA0B}.Debug|x86.ActiveCfg = Debug|Any CPU
		{B10E64E5-7D11-4E02-96DD-43A5B355FA0B}.Debug|x86.Build.0 = Debug|Any CPU
		{B10E64E5-7D11-4E02-96DD-43A5B355FA0B}.Release|Any CPU.ActiveCfg = Release|Any CPU
		{B10E64E5-7D11-4E02-96DD-43A5B355FA0B}.Release|Any CPU.Build.0 = Release|Any CPU
		{B10E64E5-7D11-4E02-96DD-43A5B355FA0B}.Release|x64.ActiveCfg = Release|Any CPU
		{B10E64E5-7D11-4E02-96DD-43A5B355FA0B}.Release|x64.Build.0 = Release|Any CPU
		{B10E64E5-7D11-4E02-96DD-43A5B355FA0B}.Release|x86.ActiveCfg = Release|Any CPU
		{B10E64E5-7D11-4E02-96DD-43A5B355FA0B}.Release|x86.Build.0 = Release|Any CPU
		{CA73A404-8B18-4EEF-A494-6E385C0589DA}.Debug|Any CPU.ActiveCfg = Debug|Any CPU
		{CA73A404-8B18-4EEF-A494-6E385C0589DA}.Debug|Any CPU.Build.0 = Debug|Any CPU
		{CA73A404-8B18-4EEF-A494-6E385C0589DA}.Debug|x64.ActiveCfg = Debug|Any CPU
		{CA73A404-8B18-4EEF-A494-6E385C0589DA}.Debug|x64.Build.0 = Debug|Any CPU
		{CA73A404-8B18-4EEF-A494-6E385C0589DA}.Debug|x86.ActiveCfg = Debug|Any CPU
		{CA73A404-8B18-4EEF-A494-6E385C0589DA}.Debug|x86.Build.0 = Debug|Any CPU
		{CA73A404-8B18-4EEF-A494-6E385C0589DA}.Release|Any CPU.ActiveCfg = Release|Any CPU
		{CA73A404-8B18-4EEF-A494-6E385C0589DA}.Release|Any CPU.Build.0 = Release|Any CPU
		{CA73A404-8B18-4EEF-A494-6E385C0589DA}.Release|x64.ActiveCfg = Release|Any CPU
		{CA73A404-8B18-4EEF-A494-6E385C0589DA}.Release|x64.Build.0 = Release|Any CPU
		{CA73A404-8B18-4EEF-A494-6E385C0589DA}.Release|x86.ActiveCfg = Release|Any CPU
		{CA73A404-8B18-4EEF-A494-6E385C0589DA}.Release|x86.Build.0 = Release|Any CPU
		{623DACA7-A267-439B-B529-96A8BB5115A5}.Debug|Any CPU.ActiveCfg = Debug|Any CPU
		{623DACA7-A267-439B-B529-96A8BB5115A5}.Debug|Any CPU.Build.0 = Debug|Any CPU
		{623DACA7-A267-439B-B529-96A8BB5115A5}.Debug|x64.ActiveCfg = Debug|Any CPU
		{623DACA7-A267-439B-B529-96A8BB5115A5}.Debug|x64.Build.0 = Debug|Any CPU
		{623DACA7-A267-439B-B529-96A8BB5115A5}.Debug|x86.ActiveCfg = Debug|Any CPU
		{623DACA7-A267-439B-B529-96A8BB5115A5}.Debug|x86.Build.0 = Debug|Any CPU
		{623DACA7-A267-439B-B529-96A8BB5115A5}.Release|Any CPU.ActiveCfg = Release|Any CPU
		{623DACA7-A267-439B-B529-96A8BB5115A5}.Release|Any CPU.Build.0 = Release|Any CPU
		{623DACA7-A267-439B-B529-96A8BB5115A5}.Release|x64.ActiveCfg = Release|Any CPU
		{623DACA7-A267-439B-B529-96A8BB5115A5}.Release|x64.Build.0 = Release|Any CPU
		{623DACA7-A267-439B-B529-96A8BB5115A5}.Release|x86.ActiveCfg = Release|Any CPU
		{623DACA7-A267-439B-B529-96A8BB5115A5}.Release|x86.Build.0 = Release|Any CPU
	EndGlobalSection
	GlobalSection(SolutionProperties) = preSolution
		HideSolutionNode = FALSE
	EndGlobalSection
	GlobalSection(NestedProjects) = preSolution
		{87C14C9D-00C8-44A7-B4F6-7F4C833DBFE4} = {827E0CD3-B72D-47B6-A68D-7590B98EB39B}
		{3DD8FD78-902B-48ED-BE4E-6F5FEA2E1C7C} = {827E0CD3-B72D-47B6-A68D-7590B98EB39B}
		{0C0FDFE2-2153-425E-A6FC-28676823950B} = {827E0CD3-B72D-47B6-A68D-7590B98EB39B}
		{9BF8A0DE-F1E5-453D-B04A-C04F5A4BD242} = {827E0CD3-B72D-47B6-A68D-7590B98EB39B}
		{9F4D9D10-F09E-4518-93F8-7ED5806261CE} = {827E0CD3-B72D-47B6-A68D-7590B98EB39B}
		{B10E64E5-7D11-4E02-96DD-43A5B355FA0B} = {0AB3BF05-4346-4AA6-1389-037BE0695223}
		{CA73A404-8B18-4EEF-A494-6E385C0589DA} = {0AB3BF05-4346-4AA6-1389-037BE0695223}
		{623DACA7-A267-439B-B529-96A8BB5115A5} = {0AB3BF05-4346-4AA6-1389-037BE0695223}
	EndGlobalSection
EndGlobal
